# This file is generated by running "yarn install" inside your project.
# Manual changes might be lost - proceed with caution!

__metadata:
  version: 4

"@types/cheerio@npm:^0.22.15":
  version: 0.22.16
  resolution: "@types/cheerio@npm:0.22.16"
  dependencies:
    "@types/node": "*"
  checksum: 2/6ffc37479480db9ab590f8b179c320ebd07228022b5d765ed757a2189d4062b7d95b3896e5e883f2c6d498fdb2710396cddcd273aad0a606932676f9a6f6483f
  languageName: node
  linkType: hard

"@types/color-name@npm:^1.1.1":
  version: 1.1.1
  resolution: "@types/color-name@npm:1.1.1"
  checksum: 2/8311db94a9c4ecd247763b81e783ee49d87678b4ce6a7ee502e2bd5cea242b7357804a04855db009f713174bc654cc0c01c7303d40d757e5d710f5ac0368500f
  languageName: node
  linkType: hard

"@types/emscripten@npm:^1.38.0":
  version: 1.39.2
  resolution: "@types/emscripten@npm:1.39.2"
  checksum: 2/e4f456861a643373896a2dfcad09e74bc6fe7d981e6100a4a63228b030d4d69cd100713e18b77d16c5c08b12b8ab56a003792ef6a02831a606c7b0ba92aaf617
  languageName: node
  linkType: hard

"@types/node@npm:*, @types/node@npm:^13.1.4":
  version: 13.7.2
  resolution: "@types/node@npm:13.7.2"
  checksum: 2/5332dfed436460e96d8a7ab603420289ede5d8d769248edeae1291d440892cb137a01d0cb530a243b795a2255ce2880f56de9ea5b804be07f982e73d6355331d
  languageName: node
  linkType: hard

"@yarnpkg/fslib@npm:^2.0.0-rc.16":
  version: 2.0.0-rc.16
  resolution: "@yarnpkg/fslib@npm:2.0.0-rc.16"
  dependencies:
    "@yarnpkg/libzip": ^2.0.0-rc.10
    tmp: ^0.1.0
  checksum: 2/89c4dff7e203a755fd4e2ce845ef777c6a3fec394085c6b3d9e23629baf8900f6277e2d4e3df35a87a45b08cb9e4d564a86d6d7df81b18ee0846d005dfc970a3
  languageName: node
  linkType: hard

"@yarnpkg/libzip@npm:^2.0.0-rc.10":
  version: 2.0.0-rc.10
  resolution: "@yarnpkg/libzip@npm:2.0.0-rc.10"
  dependencies:
    "@types/emscripten": ^1.38.0
  checksum: 2/95ae332b349eee4d53e0f098b7d1e4a399960d6661f33873f26cce47d32daa7e0cca7fbeb5f236aa17a20a1e5fd0d250e585267ec356df7732b6a835d934bd66
  languageName: node
  linkType: hard

"@yarnpkg/pnpify@npm:^2.0.0-rc.18":
  version: 2.0.0-rc.18
  resolution: "@yarnpkg/pnpify@npm:2.0.0-rc.18"
  dependencies:
    "@yarnpkg/fslib": ^2.0.0-rc.16
    chalk: ^3.0.0
    comment-json: ^2.2.0
    cross-spawn: 6.0.5
  peerDependencies:
    eslint: "*"
    typescript: "*"
  peerDependenciesMeta:
    eslint:
      optional: true
    typescript:
      optional: true
  bin:
    pnpify: ./lib/cli.js
  checksum: 2/ea1146fe2318480c7a082d79dcdfa1863ff8bc31fd94059d00119bc7aaf07600e334cda5ff8000579c8dbfcf746127db7a07537c9ec0dc813be89edb31a30b1e
  languageName: node
  linkType: hard

"addressparser@npm:^1.0.1":
  version: 1.0.1
  resolution: "addressparser@npm:1.0.1"
  checksum: 2/47cf44cf97467c55bc1763131971be52f3009a0ff9e0c24f795c50efd31589d26a803658e3f28873a14c40afbae5a8ddc6f87f0168167f4c06e19bb943ef7940
  languageName: node
  linkType: hard

"ajv@npm:^6.5.5":
  version: 6.11.0
  resolution: "ajv@npm:6.11.0"
  dependencies:
    fast-deep-equal: ^3.1.1
    fast-json-stable-stringify: ^2.0.0
    json-schema-traverse: ^0.4.1
    uri-js: ^4.2.2
  checksum: 2/64f53d553feaac3baf8ef6fdc4cf66e6823f9e0f5bdbf612f4674322c40664448664f09b1b37e5a341a399bf7bc530366cde1a06fe991f06518299773b4f9330
  languageName: node
  linkType: hard

"ansi-styles@npm:^4.1.0":
  version: 4.2.1
  resolution: "ansi-styles@npm:4.2.1"
  dependencies:
    "@types/color-name": ^1.1.1
    color-convert: ^2.0.1
  checksum: 2/c8c007d5dab7b4fea064c9ea318114e1f6fc714bb382d061ac09e66bc83c8f3ce12bb6354be01598722c14a5d710af280b7614d269354f80d2535946aefa82f4
  languageName: node
  linkType: hard

"array-indexofobject@npm:~0.0.1":
  version: 0.0.1
  resolution: "array-indexofobject@npm:0.0.1"
  checksum: 2/a8dba54cb8ccfaf2326fc70d71e611b5d8ac7085695632c61aa21d917f02782cebdfe7ba2441ffb5bbfd406a769106d2fc1b1faea4707a5050a87e619f76f4a4
  languageName: node
  linkType: hard

"asn1@npm:~0.2.3":
  version: 0.2.4
  resolution: "asn1@npm:0.2.4"
  dependencies:
    safer-buffer: ~2.1.0
  checksum: 2/5743ace942e2faa0b72f3b14bf1826509c5ca707ea150c10520f52b04f90aa715cee4370ec2e6279ce1ceb7d3c472ca33270124e90b495bea4c9b02f41b9d8ac
  languageName: node
  linkType: hard

"assert-plus@npm:1.0.0, assert-plus@npm:^1.0.0":
  version: 1.0.0
  resolution: "assert-plus@npm:1.0.0"
  checksum: 2/1bda24f67343ccb75a7eee31179c92cf9f79bd6f6bc24101b0ce1495ef979376dd9b0f9b9064812bba564cdade5fbf851ed76b4a44b5e141d49cdaee6ffed6b2
  languageName: node
  linkType: hard

"asynckit@npm:^0.4.0":
  version: 0.4.0
  resolution: "asynckit@npm:0.4.0"
  checksum: 2/a024000b9ddd938e2f27b3cb8188f96a5e1fff58185e98b84862fc4e01de279a547874a800340c2b106bb9de9b0fc61c6c683bc6892abf65e6be29a96addafd3
  languageName: node
  linkType: hard

"aws-sign2@npm:~0.7.0":
  version: 0.7.0
  resolution: "aws-sign2@npm:0.7.0"
  checksum: 2/7162b9b8fbd4cf451bd889b0ed27fc895f88e6a6cb5c5609de49759ea1a6e31646f86ca8e18d90bea0455c4caa466fc9692c1098a1784d2372a358cb68c1eea6
  languageName: node
  linkType: hard

"aws4@npm:^1.8.0":
  version: 1.9.1
  resolution: "aws4@npm:1.9.1"
  checksum: 2/d59822631844f9da1caf966cfab90ffafa22cc6c50835f9f5ebff83acdbcffc24eca44fa50d4aa191a6cee81747df38b9880547cc1df8a1380c80dd507b8e6ce
  languageName: node
  linkType: hard

"balanced-match@npm:^1.0.0":
  version: 1.0.0
  resolution: "balanced-match@npm:1.0.0"
  checksum: 2/f515a605fe1b59f476f7477c5e1d53ad55b4f42982fca1d57b6701906f4ad1f1ac90fd6587d92cc1af2edb43eecf979214dd847ee410a6de9db4ebf0dd128d62
  languageName: node
  linkType: hard

"bcrypt-pbkdf@npm:^1.0.0":
  version: 1.0.2
  resolution: "bcrypt-pbkdf@npm:1.0.2"
  dependencies:
    tweetnacl: ^0.14.3
  checksum: 2/3f57eb99bbc02352f68ff31e446997f4d21cc9a5e5286449dc1fe0116ec5dac5a4aa538967d45714fa9320312d2be8d16126f2d357da1dd40a3d546b96e097ed
  languageName: node
  linkType: hard

"boolbase@npm:~1.0.0":
  version: 1.0.0
  resolution: "boolbase@npm:1.0.0"
  checksum: 2/e827963c416fdb1dbcd57e066a43c40829518f4dcdc9f58ed04519daeebb610adacbb6cf102518bda9f08be593c5b1b49a83e36bf6b7d91b3403f7e35510eeae
  languageName: node
  linkType: hard

"brace-expansion@npm:^1.1.7":
  version: 1.1.11
  resolution: "brace-expansion@npm:1.1.11"
  dependencies:
    balanced-match: ^1.0.0
    concat-map: 0.0.1
  checksum: 2/4c878e25e4858baf801945dfd63eb68feab2e502cf1122f25f3915c0e3bf397af3a93ff6bef0798db41c0d81ef28c08e55daac38058710f749a3b96eee6b8f40
  languageName: node
  linkType: hard

"caseless@npm:~0.12.0":
  version: 0.12.0
  resolution: "caseless@npm:0.12.0"
  checksum: 2/147f48bff9bebf029d7050e2335da3f8d295f26d157edf08d8c3282c804dae04a462c4cd6efa8179755686aa3aeaca5c28f3e7f3559698bc0484c65e46c36c5b
  languageName: node
  linkType: hard

"chalk@npm:^3.0.0":
  version: 3.0.0
  resolution: "chalk@npm:3.0.0"
  dependencies:
    ansi-styles: ^4.1.0
    supports-color: ^7.1.0
  checksum: 2/4018b0c812880da595d0d7b8159939527b72f58d3370e2fdc1a24d9abd460bab851695d7eca014082f110d5702d1221b05493fec430ccce375de907d50cc48c1
  languageName: node
  linkType: hard

"cheerio@npm:^1.0.0-rc.3":
  version: 1.0.0-rc.3
  resolution: "cheerio@npm:1.0.0-rc.3"
  dependencies:
    css-select: ~1.2.0
    dom-serializer: ~0.1.1
    entities: ~1.1.1
    htmlparser2: ^3.9.1
    lodash: ^4.15.0
    parse5: ^3.0.1
  checksum: 2/142f40a91badc37744a8cb2e14f7cff4e630602e5fd2ddb8b59649898e6974147db56e06f0f024e649816bb181d02a021f0b9f81c6dff7b94e4019c2a4e87bd1
  languageName: node
  linkType: hard

"color-convert@npm:^2.0.1":
  version: 2.0.1
  resolution: "color-convert@npm:2.0.1"
  dependencies:
    color-name: ~1.1.4
  checksum: 2/3d5d8a011a43012ca11b6d739049ecf2055d95582fd16ec44bf1e685eb0baa5cc652002be8a1dc92b429c8d87418287d0528266a7595cb1ad8a7f4f1d3049df2
  languageName: node
  linkType: hard

"color-name@npm:~1.1.4":
  version: 1.1.4
  resolution: "color-name@npm:1.1.4"
  checksum: 2/3e1c9a4dee12eada307436f61614dd11fe300469db2b83f80c8b7a7cd8a1015f0f18dd13403f018927b249003777ff60baba4a03c65f12e6bddc0dfd9642021f
  languageName: node
  linkType: hard

"combined-stream@npm:^1.0.6, combined-stream@npm:~1.0.6":
  version: 1.0.8
  resolution: "combined-stream@npm:1.0.8"
  dependencies:
    delayed-stream: ~1.0.0
  checksum: 2/5791ce7944530f0db74a97e77ea28b6fdbf89afcf038e41d6b4195019c4c803cd19ed2905a54959e5b3830d50bd5d6f93c681c6d3aaea8614ad43b48e62e9d65
  languageName: node
  linkType: hard

"comment-json@npm:^2.2.0":
  version: 2.4.2
  resolution: "comment-json@npm:2.4.2"
  dependencies:
    core-util-is: ^1.0.2
    esprima: ^4.0.1
    has-own-prop: ^2.0.0
    repeat-string: ^1.6.1
  checksum: 2/80bc181741f7966946e09ba253e97a4709288acb65e8b30e641efbca0a1a2c79f31d4df6cd1412a17ddb3d1289f552ec13e1d3f983b42ac84de6344fd062cf3d
  languageName: node
  linkType: hard

"concat-map@npm:0.0.1":
  version: 0.0.1
  resolution: "concat-map@npm:0.0.1"
  checksum: 2/554e28d9ee5aa6e061795473ee092cb3d3a2cbdb76c35416e0bb6e03f136d7d07676da387b2ed0ec4106cedbb6534080d9abc48ecc4a92b76406cf2d0c3c0c4b
  languageName: node
  linkType: hard

"core-util-is@npm:1.0.2, core-util-is@npm:^1.0.2, core-util-is@npm:~1.0.0":
  version: 1.0.2
  resolution: "core-util-is@npm:1.0.2"
  checksum: 2/089015ee3c462dfceba70faa1df83b42a7bb35db26dae6af283247b06fe3216c65fccd9f00eebcaf98300dc31e981d56aae9f90b624f8f6ff1153e235ff88b65
  languageName: node
  linkType: hard

"cross-spawn@npm:6.0.5":
  version: 6.0.5
  resolution: "cross-spawn@npm:6.0.5"
  dependencies:
    nice-try: ^1.0.4
    path-key: ^2.0.1
    semver: ^5.5.0
    shebang-command: ^1.2.0
    which: ^1.2.9
  checksum: 2/05fbbf957d9b81dc05fd799a238f6aacc2e7cc9783fff3f0e00439a97d6f269c90482571cbf1eeea17200fd119161a2d1f88aa49a8110b176e04f2a70825284f
  languageName: node
  linkType: hard

"css-select@npm:~1.2.0":
  version: 1.2.0
  resolution: "css-select@npm:1.2.0"
  dependencies:
    boolbase: ~1.0.0
    css-what: 2.1
    domutils: 1.5.1
    nth-check: ~1.0.1
  checksum: 2/c1fdd9040c677cd872e57761aafce8b603fa3c979117cc9d70e0e4901d6e0c751abe3b05b93d918835413165916d7f7132559a6f350863124f6bbbec2b1694d8
  languageName: node
  linkType: hard

"css-what@npm:2.1":
  version: 2.1.3
  resolution: "css-what@npm:2.1.3"
  checksum: 2/732fcecfe3247eadd79081790934f9aa003ca935657d87a4737afc03dc378f8f3d1a071066328a226d98299d15e855c886f625119fe1d7f2367659d3335bde6f
  languageName: node
  linkType: hard

"dashdash@npm:^1.12.0":
  version: 1.14.1
  resolution: "dashdash@npm:1.14.1"
  dependencies:
    assert-plus: ^1.0.0
  checksum: 2/5959409ee42dc4bdbf3fa384b801ece580ca336658bb0342ffab0099b3fc6bf9b3e239e1b82dcc4fcaeee315353e08f2eae47b0928a6a579391598c44958afa1
  languageName: node
  linkType: hard

"debug@npm:^4.0.1":
  version: 4.1.1
  resolution: "debug@npm:4.1.1"
  dependencies:
    ms: ^2.1.1
  checksum: 2/3601a6ce96e4698ed3edf0ee6e67ef0317adfcdae2f66a43b23d1b14e8888b422337429b16dbbcba6801e7bfa6cbb8de3128fbacfb8ae1cd9bd7615ea6baf970
  languageName: node
  linkType: hard

"delayed-stream@npm:~1.0.0":
  version: 1.0.0
  resolution: "delayed-stream@npm:1.0.0"
  checksum: 2/d9dfb0a7c79fd308fada9db2cf29d1ff22047ceb50dd78f7e3c173567909b438f418259cb76a6d9c9f513e88ef41d3a14154f618741ec8368c3efeff616d0c9f
  languageName: node
  linkType: hard

"dom-serializer@npm:0, dom-serializer@npm:~0.1.1":
  version: 0.1.1
  resolution: "dom-serializer@npm:0.1.1"
  dependencies:
    domelementtype: ^1.3.0
    entities: ^1.1.1
  checksum: 2/5c6c89b18c6db6dcb3697b1e63a3118ae7126c5bf1f3d39861bb9e585b7a46232866c5e0d5ff9175afac79395618716cfb285439c85f8c805f09da1f5caf2264
  languageName: node
  linkType: hard

"domelementtype@npm:1, domelementtype@npm:^1.3.0, domelementtype@npm:^1.3.1":
  version: 1.3.1
  resolution: "domelementtype@npm:1.3.1"
  checksum: 2/a4791788de07071422b2fe63b58cfb89c2507def6864954d0d7a062adb00fc925059856d29c3e48051c8fa2f20147e5d3fb24b1adbc5bdf0f9e99981b53b74c6
  languageName: node
  linkType: hard

"domhandler@npm:^2.3.0":
  version: 2.4.2
  resolution: "domhandler@npm:2.4.2"
  dependencies:
    domelementtype: 1
  checksum: 2/dbe99b096aaf6e0618efc2e7e39d46448cba00999b08ba14970ee4d7a8916c4d4d463fcc1b4a7f247b34f47d1c115eec8fa5f8a4d1e430b2207da32bdf41f49a
  languageName: node
  linkType: hard

"domutils@npm:1.5.1":
  version: 1.5.1
  resolution: "domutils@npm:1.5.1"
  dependencies:
    dom-serializer: 0
    domelementtype: 1
  checksum: 2/ffc578118d3e50d0f34a0bba37575492998d43b7e54764533b1890e6c233b67068a0f369d1d23d200aa71c3fe87f2d60fdc4a87479e416edafecc33f00fc9735
  languageName: node
  linkType: hard

"domutils@npm:^1.5.1":
  version: 1.7.0
  resolution: "domutils@npm:1.7.0"
  dependencies:
    dom-serializer: 0
    domelementtype: 1
  checksum: 2/a5b2f01fb3ff626073e3c3b43fedcff34073fb059b1235ee31cd0b5690d826304f41bc3fd117f95d754a1666ac3a57d224b408d83dd4f1c4525fd5b636d8df6f
  languageName: node
  linkType: hard

"ecc-jsbn@npm:~0.1.1":
  version: 0.1.2
  resolution: "ecc-jsbn@npm:0.1.2"
  dependencies:
    jsbn: ~0.1.0
    safer-buffer: ^2.1.0
  checksum: 2/5b4dd05f24b2b94c1bb882488dba2b878bb5b83182669aa71fbdf53c6941618180cb226c4eb9a3e2fa51ad11f87b5edb0a7d7289cdef468ba2e6024542f73f07
  languageName: node
  linkType: hard

"entities@npm:^1.1.1, entities@npm:~1.1.1":
  version: 1.1.2
  resolution: "entities@npm:1.1.2"
  checksum: 2/3a4259db358c612853e616915d398e692a3c5dbaa4da44b9a6fce15ab88615cadc9790af608c3bee152972ece69ae61a22f4a13272fd943db2ceaee02ce5cc87
  languageName: node
  linkType: hard

"esprima@npm:^4.0.1":
  version: 4.0.1
  resolution: "esprima@npm:4.0.1"
  bin:
    esparse: ./bin/esparse.js
    esvalidate: ./bin/esvalidate.js
  checksum: 2/5df45a3d9c95c36800d028ba76d8d4e04e199932b58c2939f462f859fd583e7d39b4a12d3f97986cf272a28a5fe5948ee6e49e36ef63f67b5b48d82a635c5081
  languageName: node
  linkType: hard

"extend@npm:~3.0.2":
  version: 3.0.2
  resolution: "extend@npm:3.0.2"
  checksum: 2/1406da1f0c4b00b839497e4cdd0ec4303ce2ae349144b7c28064a5073c93ce8c08da4e8fb1bc5cb459ffcdff30a35fc0fe54344eb88320e70100c1baea6f195c
  languageName: node
  linkType: hard

"extsprintf@npm:1.3.0, extsprintf@npm:^1.2.0":
  version: 1.3.0
  resolution: "extsprintf@npm:1.3.0"
  checksum: 2/892efd56aa9b27cbfbca42ad0c59308633f66000e71d1fb19c6989ea7309b32f3ff281778871bd2ce9bc7f3ad02515aa2783cea0323d0f6ff840b7c6a6a4603e
  languageName: node
  linkType: hard

"fast-deep-equal@npm:^3.1.1":
  version: 3.1.1
  resolution: "fast-deep-equal@npm:3.1.1"
  checksum: 2/38fe57c5ea7dbb42cf84f5d94166358b930beb49345619205ff16c4a0c896f8679a444f0fbd0f352a633f2ea800673173e2a150d81d3d85933d714d24498c688
  languageName: node
  linkType: hard

"fast-json-stable-stringify@npm:^2.0.0":
  version: 2.1.0
  resolution: "fast-json-stable-stringify@npm:2.1.0"
  checksum: 2/7df3fabfe445d65953b2d9d9d3958bd895438b215a40fb87dae8b2165c5169a897785eb5d51e6cf0eb03523af756e3d82ea01083f6ac6341fe16db532fee3016
  languageName: node
  linkType: hard

"feed@npm:^4.1.0":
  version: 4.1.0
  resolution: "feed@npm:4.1.0"
  dependencies:
    xml-js: ^1.6.11
  checksum: 2/dd9113b19693b85546f1a5dadf6b0354ed02c07da74be743d30514aff3bfa7bbb28a025ac8871752299c751d710a78e1122d2665272eeaba9318018ec318212b
  languageName: node
  linkType: hard

"feedparser@npm:^2.2.9":
  version: 2.2.9
  resolution: "feedparser@npm:2.2.9"
  dependencies:
    addressparser: ^1.0.1
    array-indexofobject: ~0.0.1
    lodash.assign: ^4.2.0
    lodash.get: ^4.4.2
    lodash.has: ^4.5.2
    lodash.uniq: ^4.5.0
    mri: ^1.1.0
    readable-stream: ^2.2.2
    sax: ^1.2.4
  bin:
    feedparser: ./bin/feedparser.js
  checksum: 2/41c287941837b147656e33ad94417be2611c219061711f89aa1f01b9c88d83a0d3d31dec82c01b0ae9c550309e279ef8c9296fd9caf92a2d5aee55b53295c1fe
  languageName: node
  linkType: hard

"forever-agent@npm:~0.6.1":
  version: 0.6.1
  resolution: "forever-agent@npm:0.6.1"
  checksum: 2/9cc0054dd4ea5fc26e014b8c929d1fb9247e931e81165cbd965a712061d65fb84791b2124f64cd79492e516662b94068d29fe1d824732382237321b3f61955fe
  languageName: node
  linkType: hard

"form-data@npm:~2.3.2":
  version: 2.3.3
  resolution: "form-data@npm:2.3.3"
  dependencies:
    asynckit: ^0.4.0
    combined-stream: ^1.0.6
    mime-types: ^2.1.12
  checksum: 2/862e686b105634222db77138d5f5ae08ba85f88c04925de5be86b2b9d03cf671d86566ad10f1dd5217634c0f1634069dfc1a663a1cc13e8fbac0ce8f670ad070
  languageName: node
  linkType: hard

"fs.realpath@npm:^1.0.0":
  version: 1.0.0
  resolution: "fs.realpath@npm:1.0.0"
  checksum: 2/698a91b1695e3926185c9e5b0dd57cf687dceb4eb73799af91e6b2ab741735e2962c366c5af6403ffddae2619914193bd339efa706fdc984d0ffc74b7a3603f4
  languageName: node
  linkType: hard

"getpass@npm:^0.1.1":
  version: 0.1.7
  resolution: "getpass@npm:0.1.7"
  dependencies:
    assert-plus: ^1.0.0
  checksum: 2/2650725bc6939616da8432e5351ca87d8b29421bb8dc19c21bad2c37cd337d2a50d36fcc398ce0c16a075f6079afe114131780dca7e2f4b96063e53e7d28fd7a
  languageName: node
  linkType: hard

"glob@npm:^7.1.3":
  version: 7.1.6
  resolution: "glob@npm:7.1.6"
  dependencies:
    fs.realpath: ^1.0.0
    inflight: ^1.0.4
    inherits: 2
    minimatch: ^3.0.4
    once: ^1.3.0
    path-is-absolute: ^1.0.0
  checksum: 2/789977b52432865bd63846da5c75a6efc2c56abdc0cb5ffcdb8e91eeb67a58fa5594c1195d18b2b4aff99675b0739ed6bd61024b26562e0cca18c8f993efdc82
  languageName: node
  linkType: hard

"har-schema@npm:^2.0.0":
  version: 2.0.0
  resolution: "har-schema@npm:2.0.0"
  checksum: 2/e27ac33a968b8a3b2cc32e53afaec8aa795d08b058ef9b09b3bbce74db7ecadcabf60a6186e3bb901335d2c72bbf9e2af59429d736b5e80dc0edf18b3e1c5860
  languageName: node
  linkType: hard

"har-validator@npm:~5.1.3":
  version: 5.1.3
  resolution: "har-validator@npm:5.1.3"
  dependencies:
    ajv: ^6.5.5
    har-schema: ^2.0.0
  checksum: 2/64cb2294c1eceba077280e31d7059e54a99aca442ade03b7e14af3d715f7f1c01c6e1a6df21252b0aff9bea7b06fc10539bb99ebe1acf46321e97f197bbb932b
  languageName: node
  linkType: hard

"has-flag@npm:^4.0.0":
  version: 4.0.0
  resolution: "has-flag@npm:4.0.0"
  checksum: 2/2e5391139d3d287231ccb58659702392f6e3abeac3296fb4721afaff46493f3d9b99a9329ae015dfe973aa206ed5c75f43e86aec0267dce79aa5c2b6e811b3ad
  languageName: node
  linkType: hard

"has-own-prop@npm:^2.0.0":
  version: 2.0.0
  resolution: "has-own-prop@npm:2.0.0"
  checksum: 2/8513ff905297afb7b65f4e22012a2c8e20ab006067841015bf338cfd23019b6c7cec89b5192b4cb7eaaa2a5370d2474dc9a0bcfdfd71100c45b8d3be9882f45b
  languageName: node
  linkType: hard

"htmlparser2@npm:^3.9.1":
  version: 3.10.1
  resolution: "htmlparser2@npm:3.10.1"
  dependencies:
    domelementtype: ^1.3.1
    domhandler: ^2.3.0
    domutils: ^1.5.1
    entities: ^1.1.1
    inherits: ^2.0.1
    readable-stream: ^3.1.1
  checksum: 2/94fa6312e6c378b1c0f1626d3f468f0b25c5dcf6689bfa61fa0002c044c4c77842b5122feb84b501b02539165917febba0ffe754046996c9e8ed77c1bb65e66c
  languageName: node
  linkType: hard

"http-signature@npm:~1.2.0":
  version: 1.2.0
  resolution: "http-signature@npm:1.2.0"
  dependencies:
    assert-plus: ^1.0.0
    jsprim: ^1.2.2
    sshpk: ^1.7.0
  checksum: 2/d28227eed37cb0dae0e76c46b2a5e611c678808433e5642238f17dba7f2c9c8f8d1646122d57ec1a110ecc7e8b9f5b7aa0462f1e2a5fa3b41f2fca5a69af7edf
  languageName: node
  linkType: hard

"inflight@npm:^1.0.4":
  version: 1.0.6
  resolution: "inflight@npm:1.0.6"
  dependencies:
    once: ^1.3.0
    wrappy: 1
  checksum: 2/17c53fc42cbe7f7f471d2bc41b97a0cde4b79a74d5ff59997d3f75210566fa278e17596da526d43de2bd07e222706240ce50e60097e54f2cde2e64cbbb372638
  languageName: node
  linkType: hard

"inherits@npm:2, inherits@npm:^2.0.1, inherits@npm:^2.0.3, inherits@npm:~2.0.3":
  version: 2.0.4
  resolution: "inherits@npm:2.0.4"
  checksum: 2/98426da247ddfc3dcd7d7daedd90c3ca32d5b08deca08949726f12d49232aef94772a07b36cf4ff833e105ae2ef931777f6de4a6dd8245a216b9299ad4a50bea
  languageName: node
  linkType: hard

"is-typedarray@npm:~1.0.0":
  version: 1.0.0
  resolution: "is-typedarray@npm:1.0.0"
  checksum: 2/4e21156e7360a5916eded35c5938adf6278299a8055640864eebb251e4351cd605beccddf9af27477e19f753d453412fe0c21379bb54b55cfdf5add263076959
  languageName: node
  linkType: hard

"isarray@npm:~1.0.0":
  version: 1.0.0
  resolution: "isarray@npm:1.0.0"
  checksum: 2/b0ff31a290e783f7b3fb73f2951ee7fc2946dc197b05f73577dc77f87dc3be2e0f66007bedf069123d4e5c4b691e7c89a241f6ca06f0c0f4765cdac5aa4b4047
  languageName: node
  linkType: hard

"isexe@npm:^2.0.0":
  version: 2.0.0
  resolution: "isexe@npm:2.0.0"
  checksum: 2/7b437980bb77881a146fba85cfbdf01edc2b148673e9c2722a1e49661fea73adf524430a80fdbfb8ce9f60d43224e682c657c45030482bd39e0c488fc29b4afe
  languageName: node
  linkType: hard

"isstream@npm:~0.1.2":
  version: 0.1.2
  resolution: "isstream@npm:0.1.2"
  checksum: 2/8e6e5c4cf1823562db7035d2e7bac388412060fe9bc6727eca8c608def5aa57709165c51c2e68a2fce6ff0b64d79489501b84715060c5e8a477b87b6cbcd1eca
  languageName: node
  linkType: hard

"jsbn@npm:~0.1.0":
  version: 0.1.1
  resolution: "jsbn@npm:0.1.1"
  checksum: 2/b530d48a64e6aff9523407856a54c5b9beee30f34a410612057f4fa097d90072fc8403c49604dacf0c3e7620dca43c2b7f0de3f954af611e43716a254c46f6f5
  languageName: node
  linkType: hard

"json-schema-traverse@npm:^0.4.1":
  version: 0.4.1
  resolution: "json-schema-traverse@npm:0.4.1"
  checksum: 2/6f71bddba38aa043cf9c05ff9cf37158a6657909f1dd37032ba164b76923da47a17bb4592ee4f7f9c029dfaf26965b821ac214c1f991bb3bd038c9cfea2da50b
  languageName: node
  linkType: hard

"json-schema@npm:0.2.3":
  version: 0.2.3
  resolution: "json-schema@npm:0.2.3"
  checksum: 2/d382ea841f0af5cf6ae3b63043c6ddbd144086de52342b5dd32d8966872dce1e0ed280f6b27c5fba97e50cf8640f27b593e039cb95df365718ada03ef0feb9f2
  languageName: node
  linkType: hard

"json-stringify-safe@npm:~5.0.1":
  version: 5.0.1
  resolution: "json-stringify-safe@npm:5.0.1"
  checksum: 2/261dfb8eb3e72c8b0dda11fd7c20c151ffc1d1b03e529245d51708c8dd8d8c6a225880464adf41a570dff6e5c805fd9d1f47fed948cfb526e4fbe5a67ce4e5f4
  languageName: node
  linkType: hard

"jsprim@npm:^1.2.2":
  version: 1.4.1
  resolution: "jsprim@npm:1.4.1"
  dependencies:
    assert-plus: 1.0.0
    extsprintf: 1.3.0
    json-schema: 0.2.3
    verror: 1.10.0
  checksum: 2/ee0177b7ef39e6becf18c586d31fabe15d62be88e7867d3aff86466e4a3de9a2cd47b6e597417aebc1cd3c2d43bc662e79ab5eecdadf3ce0643e909432ed6d2c
  languageName: node
  linkType: hard

"lodash.assign@npm:^4.2.0":
  version: 4.2.0
  resolution: "lodash.assign@npm:4.2.0"
  checksum: 2/ef1a67138d5276b7df6552e3f83b83f2e0fd801d59bc217bb0cb07c3dc82398654733c6a37d6feb531cda331a741ab9007d1fa7c6d96a5872962b601ea99da06
  languageName: node
  linkType: hard

"lodash.get@npm:^4.4.2":
  version: 4.4.2
  resolution: "lodash.get@npm:4.4.2"
  checksum: 2/447e575e3caa5131ef44e5a0c135b1614f3c937d86b3be0568f9da7b0fd015010af3b6b4e41edf6e2698c9ce2dcc061ca71b31f274f799c991dceb018be16e4f
  languageName: node
  linkType: hard

"lodash.has@npm:^4.5.2":
  version: 4.5.2
  resolution: "lodash.has@npm:4.5.2"
  checksum: 2/ed2cbed6f3f06fe2ae0a604464208a758197624810e58c4928de3ab9a00d2ac736ade10f49b6ea77f96c702f9d104189a57a7af0bfa1725e8554524aa9466f41
  languageName: node
  linkType: hard

"lodash.uniq@npm:^4.5.0":
  version: 4.5.0
  resolution: "lodash.uniq@npm:4.5.0"
  checksum: 2/47cb25b59bf40ef3bdf441b7b6cb41d0b95ae0ca576be2c206724dd66041fa8aadab55c1210792671aa0b1c9878d5c0be48927bf4d22f3ed50e5f79d3b2e90b7
  languageName: node
  linkType: hard

"lodash@npm:^4.15.0":
  version: 4.17.15
  resolution: "lodash@npm:4.17.15"
  checksum: 2/aec3fbb7570aa67bda500b8299b1b1821d60646bede87f76a74dfcc7666ab3445267d734ec71424d70809d52ad67a1356fab5ab694a3faa1908d68e9d48f00f5
  languageName: node
  linkType: hard

"mime-db@npm:1.43.0":
  version: 1.43.0
  resolution: "mime-db@npm:1.43.0"
  checksum: 2/756d8ac9ea62e3f4bcecb7513208ccd213f96930dbaa7e6ebc83f3517f5efa2eeec6923c28e6409049eb29d54668ff3e80e9c3605a1270498d6e52fde0fd3bc2
  languageName: node
  linkType: hard

"mime-types@npm:^2.1.12, mime-types@npm:~2.1.19":
  version: 2.1.26
  resolution: "mime-types@npm:2.1.26"
  dependencies:
    mime-db: 1.43.0
  checksum: 2/6ab045d65e6123857be28a58dc446fd038ae7697aba9b5135b581cfb5ed8b01908d2c2dcfe16085ecbb57ba6c42b5e598732171f1c22034c20cd04c371003ada
  languageName: node
  linkType: hard

"minimatch@npm:^3.0.4":
  version: 3.0.4
  resolution: "minimatch@npm:3.0.4"
  dependencies:
    brace-expansion: ^1.1.7
  checksum: 2/47eab9263962cacd5733e274ecad2d8e54b0f8e124ba35ae69189e296058f634a4967b87a98954f86fa5c830ff177caf827ce0136d28717ed3232951fb4fae62
  languageName: node
  linkType: hard

"mri@npm:^1.1.0":
  version: 1.1.4
  resolution: "mri@npm:1.1.4"
  checksum: 2/5ea30a4f587afeb69bf51c27fa8bcf9aee96ccb6091bc933a9be78e925d2f823e453f3c3752d89f616658c469882519d6d275babd366f89c209ab8bcd627fdbd
  languageName: node
  linkType: hard

"ms@npm:^2.1.1":
  version: 2.1.2
  resolution: "ms@npm:2.1.2"
  checksum: 2/9b65fb709bc30c0c07289dcbdb61ca032acbb9ea5698b55fa62e2cebb04c5953f1876a1f3f7f4bc2e91d4bf4d86003f3e207c3bc6ee2f716f99827e62389cd0e
  languageName: node
  linkType: hard

"my-rss@workspace:.":
  version: 0.0.0-use.local
  resolution: "my-rss@workspace:."
  dependencies:
    "@types/cheerio": ^0.22.15
    "@types/node": ^13.1.4
    "@yarnpkg/pnpify": ^2.0.0-rc.18
    cheerio: ^1.0.0-rc.3
    feed: ^4.1.0
    feedparser: ^2.2.9
    node-fetch: ^2.6.0
    request: ^2.88.0
    simple-git: ^1.129.0
    typescript: rc
  languageName: unknown
  linkType: soft

"nice-try@npm:^1.0.4":
  version: 1.0.5
  resolution: "nice-try@npm:1.0.5"
  checksum: 2/330f190bf68146a560008b661e1ddbb2eac667c16990b6bf791516d89cceb707ec67901ad647d2b32674bfa816b916489cead5c2fb6e96864c659573ab5aa3bb
  languageName: node
  linkType: hard

"node-fetch@npm:^2.6.0":
  version: 2.6.0
  resolution: "node-fetch@npm:2.6.0"
  checksum: 2/dd9f586a9f7ddb7dd94d2aba9cb693d32f5001e9850098512fbc8a4cbdd56838afa08ed0a6725b9fce9b01ec12b713e622cbfc16d92762d8b937b238330a632a
  languageName: node
  linkType: hard

"nth-check@npm:~1.0.1":
  version: 1.0.2
  resolution: "nth-check@npm:1.0.2"
  dependencies:
    boolbase: ~1.0.0
  checksum: 2/88a58b8b6289344749102019422705e8e6fa870d55e4bd4c71f860105ea5b8145ae71657f6edd6df953964081f52d65936a3eec4af1d9ee42122e42d293b2abe
  languageName: node
  linkType: hard

"oauth-sign@npm:~0.9.0":
  version: 0.9.0
  resolution: "oauth-sign@npm:0.9.0"
  checksum: 2/af1ab60297c3a687d1d2de5c43c6453c4df6939de3e6114ada4a486ac51fa7ab1769f33000b94c0e8ffced5ae4c57c4f5d36b517792d83e9e9742578a728682e
  languageName: node
  linkType: hard

"once@npm:^1.3.0":
  version: 1.4.0
  resolution: "once@npm:1.4.0"
  dependencies:
    wrappy: 1
  checksum: 2/57afc246536cf6494437f982b26475f22bee860f8b77ce8eb1543f42a8bffe04b2c66ddfea9a16cb25ccb80943f8ee4fc639367ef97b7a6a4f2672eb573963f5
  languageName: node
  linkType: hard

"parse5@npm:^3.0.1":
  version: 3.0.3
  resolution: "parse5@npm:3.0.3"
  dependencies:
    "@types/node": "*"
  checksum: 2/47086524700bc3f0806e2dec819a93a71684931736393bfb454a0c9fb58861710248f21ad2fc351ce9639e1158db07bca05ac9df79dfaad6eeb3a9a7d9482ec7
  languageName: node
  linkType: hard

"path-is-absolute@npm:^1.0.0":
  version: 1.0.1
  resolution: "path-is-absolute@npm:1.0.1"
  checksum: 2/907e1e3e6ac0aef6e65adffd75b3892191d76a5b94c5cf26b43667c4240531d11872ca6979c209b2e5e1609f7f579d02f64ba9936b48bb59d36cc529f0d965ed
  languageName: node
  linkType: hard

"path-key@npm:^2.0.1":
  version: 2.0.1
  resolution: "path-key@npm:2.0.1"
  checksum: 2/7dc807a2baa11d6bc0fca72148a0a0ca69ab73d98fbe42e10d22764d1ef547767f2b4ff827c6bc66e733388cd8d54297a45a39499825b9fdfd18959202384029
  languageName: node
  linkType: hard

"performance-now@npm:^2.1.0":
  version: 2.1.0
  resolution: "performance-now@npm:2.1.0"
  checksum: 2/bb4ebed0b03d6c3ad3ae4eddd1182c895d385cff9096af441c19c130aaae3ea70229438ebc3297dfc52c86022f6becf177a810050823d01bf5280779cd2de624
  languageName: node
  linkType: hard

"process-nextick-args@npm:~2.0.0":
  version: 2.0.1
  resolution: "process-nextick-args@npm:2.0.1"
  checksum: 2/ddeb0f07d0d5efa649c2c5e39d1afd0e3668df2b392d036c8a508b0034f7beffbc474b3c2f7fd3fed2dc4113cef8f1f7e00d05690df3c611b36f6c7efd7852d1
  languageName: node
  linkType: hard

"psl@npm:^1.1.28":
  version: 1.7.0
  resolution: "psl@npm:1.7.0"
  checksum: 2/b2158825f6676a61820b22d197b630efb9828fcb9471eccc3dc2c43a689201711f4e87cd3b7a2106997309a87cc31d04f71e928f2c474c80fe679b31d5b1702e
  languageName: node
  linkType: hard

"punycode@npm:^2.1.0, punycode@npm:^2.1.1":
  version: 2.1.1
  resolution: "punycode@npm:2.1.1"
  checksum: 2/0202dc191cb35bfd88870ac99a1e824b03486d4cee20b543ef337a6dee8d8b11017da32a3e4c40b69b19976e982c030b62bd72bba42884acb691bc5ef91354c8
  languageName: node
  linkType: hard

"qs@npm:~6.5.2":
  version: 6.5.2
  resolution: "qs@npm:6.5.2"
  checksum: 2/fa0410eff2c05ce3328e11f82db4015e7819c986ee056d6b62b06ae112f4929af09ea3b879ca168ff9f0338f50972bba487ad0e46c879e42bfaf63c3c2ea7f09
  languageName: node
  linkType: hard

"readable-stream@npm:^2.2.2":
  version: 2.3.7
  resolution: "readable-stream@npm:2.3.7"
  dependencies:
    core-util-is: ~1.0.0
    inherits: ~2.0.3
    isarray: ~1.0.0
    process-nextick-args: ~2.0.0
    safe-buffer: ~5.1.1
    string_decoder: ~1.1.1
    util-deprecate: ~1.0.1
  checksum: 2/6e3826560627a751feb3a8aec073ef94c6e47b8c8e06eb5d136323b5f09db9d2077c23a42a8d54ed0123695af54b36c1e4271a8ec55112b15f4b89020d8dec72
  languageName: node
  linkType: hard

"readable-stream@npm:^3.1.1":
  version: 3.6.0
  resolution: "readable-stream@npm:3.6.0"
  dependencies:
    inherits: ^2.0.3
    string_decoder: ^1.1.1
    util-deprecate: ^1.0.1
  checksum: 2/f178b1daa80d9e58ebba71dbb08486430aa6f0dea3a22a1b7401f3f6983077d0bc0edea43099db06b8d006c9ad48d6383e8fb72c05d5b187670aeaf1b9b44f00
  languageName: node
  linkType: hard

"repeat-string@npm:^1.6.1":
  version: 1.6.1
  resolution: "repeat-string@npm:1.6.1"
  checksum: 2/99c431ba7bef7a5d39819d562ebca89206368b45f73213677a3b562e25b5dd272d9e6a2ca8105001df14b6fc8cc71f0b10258c86e16cf8a256318fac1ddc8a77
  languageName: node
  linkType: hard

"request@npm:^2.88.0":
  version: 2.88.2
  resolution: "request@npm:2.88.2"
  dependencies:
    aws-sign2: ~0.7.0
    aws4: ^1.8.0
    caseless: ~0.12.0
    combined-stream: ~1.0.6
    extend: ~3.0.2
    forever-agent: ~0.6.1
    form-data: ~2.3.2
    har-validator: ~5.1.3
    http-signature: ~1.2.0
    is-typedarray: ~1.0.0
    isstream: ~0.1.2
    json-stringify-safe: ~5.0.1
    mime-types: ~2.1.19
    oauth-sign: ~0.9.0
    performance-now: ^2.1.0
    qs: ~6.5.2
    safe-buffer: ^5.1.2
    tough-cookie: ~2.5.0
    tunnel-agent: ^0.6.0
    uuid: ^3.3.2
  checksum: 2/7a74841f3024cac21d8c3cca7f7f2e4243fbd62464d2f291fddb94008a9d010e20c4a1488f4224b03412a4438a699db2a3de11019e486c8e656f86b0b79bf022
  languageName: node
  linkType: hard

"rimraf@npm:^2.6.3":
  version: 2.7.1
  resolution: "rimraf@npm:2.7.1"
  dependencies:
    glob: ^7.1.3
  bin:
    rimraf: ./bin.js
  checksum: 2/059efac2838ef917d4d1da1d80e724ad28c120cdf14ca6ed27ca72db2dc70be3e25421cba5947c6ec3d804c1d2bb9a247254653816ee0722bf943ffdd1ae19ef
  languageName: node
  linkType: hard

"safe-buffer@npm:^5.0.1, safe-buffer@npm:^5.1.2":
  version: 5.2.0
  resolution: "safe-buffer@npm:5.2.0"
  checksum: 2/e513079353a235749e64dc3b1ade741caf651c09d1291ee826e68d42c08913dcd2c76b291dd23979b0fd0bd551d99f4a3d8cc05aef4e9c75bebf6cbbd310b129
  languageName: node
  linkType: hard

"safe-buffer@npm:~5.1.0, safe-buffer@npm:~5.1.1":
  version: 5.1.2
  resolution: "safe-buffer@npm:5.1.2"
  checksum: 2/2708587c1b5e70a5e420714ceb59f30f5791c6e831d39812125a008eca63a4ac18578abd020a0776ea497ff03b4543f2b2a223a7b9073bf2d6c7af9ec6829218
  languageName: node
  linkType: hard

"safer-buffer@npm:^2.0.2, safer-buffer@npm:^2.1.0, safer-buffer@npm:~2.1.0":
  version: 2.1.2
  resolution: "safer-buffer@npm:2.1.2"
  checksum: 2/549ba83f5b314b59898efe3422120ce1ca7987a6eae5925a5fa5db930dc414d4a9dde0a5594f89638cd6ea60b6840ea961872908933ac2428d1726489db46fa5
  languageName: node
  linkType: hard

"sax@npm:^1.2.4":
  version: 1.2.4
  resolution: "sax@npm:1.2.4"
  checksum: 2/9d7668d69105e89e2c1a4b2fdc12c72e1a2f78b825f7b4a8a2ea5cdfebf70920bd17715bed55264c3b3959616a0695f8ad2d098bf6944fbd0953ee9c695dceef
  languageName: node
  linkType: hard

"semver@npm:^5.5.0":
  version: 5.7.1
  resolution: "semver@npm:5.7.1"
  bin:
    semver: ./bin/semver
  checksum: 2/06ff0ed753ebf741b7602be8faad620d6e160a2cb3f61019d00d919c8bca141638aa23c34da779b8595afdc9faa3678bfbb5f60366b6a4f65f98cf86605bbcdb
  languageName: node
  linkType: hard

"shebang-command@npm:^1.2.0":
  version: 1.2.0
  resolution: "shebang-command@npm:1.2.0"
  dependencies:
    shebang-regex: ^1.0.0
  checksum: 2/2a1e0092a6b80b14ec742ef4e982be8aa670edc7de3e8c68b26744fb535051f7d92518106387b52e9aabe0c1ceae33d23a7dfdb94c3d7f5035c3868b723a2854
  languageName: node
  linkType: hard

"shebang-regex@npm:^1.0.0":
  version: 1.0.0
  resolution: "shebang-regex@npm:1.0.0"
  checksum: 2/cf1a41cb09023e7d39739d7145fcba57c3fabc6728b78ce706f7315cf52dfadf30f7eea664e069224fbcbbfb6ab853bc55ac45f494b47ee73fc209c98487fae5
  languageName: node
  linkType: hard

"simple-git@npm:^1.129.0":
  version: 1.131.0
  resolution: "simple-git@npm:1.131.0"
  dependencies:
    debug: ^4.0.1
  checksum: 2/e745d565260798e9c1e66b123599f8046373537073a65af92b319d651bd7fa70e1eeceddb3d877cb7b4db088ac6eb7917f3503b5572684667a59401c2924ac18
  languageName: node
  linkType: hard

"sshpk@npm:^1.7.0":
  version: 1.16.1
  resolution: "sshpk@npm:1.16.1"
  dependencies:
    asn1: ~0.2.3
    assert-plus: ^1.0.0
    bcrypt-pbkdf: ^1.0.0
    dashdash: ^1.12.0
    ecc-jsbn: ~0.1.1
    getpass: ^0.1.1
    jsbn: ~0.1.0
    safer-buffer: ^2.0.2
    tweetnacl: ~0.14.0
  bin:
    sshpk-conv: bin/sshpk-conv
    sshpk-sign: bin/sshpk-sign
    sshpk-verify: bin/sshpk-verify
  checksum: 2/4bd7422634ec3730404186179e5d9ba913accc64449f18d594b3a757a3b81000719adc94cf0c93a7b3da42487ae42404a1f37bfaa7908a60743d4478382b9d78
  languageName: node
  linkType: hard

"string_decoder@npm:^1.1.1, string_decoder@npm:~1.1.1":
  version: 1.1.1
  resolution: "string_decoder@npm:1.1.1"
  dependencies:
    safe-buffer: ~5.1.0
  checksum: 2/bc2dc169d83df1b9e94defe7716bcad8a19ffe8211b029581cb0c6f9e83a6a7ba9ec3be38d179708a8643c692868a2b8b004ab159555dc26089ad3fa7b2158f5
  languageName: node
  linkType: hard

"supports-color@npm:^7.1.0":
  version: 7.1.0
  resolution: "supports-color@npm:7.1.0"
  dependencies:
    has-flag: ^4.0.0
  checksum: 2/6130f36b2a71f73014a6ef306bbaa5415d8daa5c0294082762a0505e4fb6800b8a9d037b60ed54f0c69cdfc37860034047d6004481c21f22dd43151b5e9334f0
  languageName: node
  linkType: hard

"tmp@npm:^0.1.0":
  version: 0.1.0
  resolution: "tmp@npm:0.1.0"
  dependencies:
    rimraf: ^2.6.3
  checksum: 2/b505e9f4f5e8076a1789fa1cec50b42220fdb90dec3e44ff0598d74701e340333ef7c28a55ed2d59b24112e2668e98e92852352ad4dc20352250a7be5cc1a973
  languageName: node
  linkType: hard

"tough-cookie@npm:~2.5.0":
  version: 2.5.0
  resolution: "tough-cookie@npm:2.5.0"
  dependencies:
    psl: ^1.1.28
    punycode: ^2.1.1
  checksum: 2/bf5d6fac5ce0bebc5876cb9b9a79d3d9ea21c9e4099f3d3e64701d6ba170a052cb88cece6737ec2473bac4f0a4f6c75d46ec17985be8587c6bbdd38d91625cb4
  languageName: node
  linkType: hard

"tunnel-agent@npm:^0.6.0":
  version: 0.6.0
  resolution: "tunnel-agent@npm:0.6.0"
  dependencies:
    safe-buffer: ^5.0.1
  checksum: 2/03db75a4f994fee610d3485c492e95105ed265a9fecd49d14c98e9982f973ecc0220d0c1bc264e37802e423a1274bb63788a873e4e07009408ae3ac517347fd7
  languageName: node
  linkType: hard

"tweetnacl@npm:^0.14.3, tweetnacl@npm:~0.14.0":
  version: 0.14.5
  resolution: "tweetnacl@npm:0.14.5"
  checksum: 2/e1c9d52e2e9f582fd0df9ea26ba5a9ab88b9a38b69625d8e55c5e8870a4832ac8c32f8854b41fce7b59f97258bb103535363f9eda7050aa70e75824b972c7dde
  languageName: node
  linkType: hard

"typescript@patch:typescript@rc#builtin<compat/typescript>":
  version: 3.8.1-rc
  resolution: "typescript@patch:typescript@npm%3A3.8.1-rc#builtin<compat/typescript>::version=3.8.1-rc&hash=273569"
  bin:
    tsc: bin/tsc
    tsserver: bin/tsserver
  checksum: 2/7f5b2bae99e35ff5c359fc25b063fa0bd4c695e15a4d698f7613c78044bf86edce25d85f81ad9ed6dcdbd2d9d6fe57b7bbbea2d49e9d402c09b74d1b35842274
  languageName: node
  linkType: hard

typescript@rc:
  version: 3.8.1-rc
  resolution: "typescript@npm:3.8.1-rc"
  bin:
    tsc: bin/tsc
    tsserver: bin/tsserver
  checksum: 2/0f26179b87d47607f1859c8dff2e134a843e280c27937db4de756721793f700a8658ef86b5d1a0f84cf88988a1cd5fdc7c830e6d867f6d7ae89986130a74ac44
  languageName: node
  linkType: hard

"uri-js@npm:^4.2.2":
  version: 4.2.2
  resolution: "uri-js@npm:4.2.2"
  dependencies:
    punycode: ^2.1.0
  checksum: 2/651a49f55d6d65a15e589ed5ffa23bf99e495699e246c1c3fecbe6f232c675589fdae4e93a88608525ff130f39b6fb854c19982820813a2d94c005c11eafd7ed
  languageName: node
  linkType: hard

"util-deprecate@npm:^1.0.1, util-deprecate@npm:~1.0.1":
  version: 1.0.2
  resolution: "util-deprecate@npm:1.0.2"
  checksum: 2/73c2b1cf0210ccac300645384d8443cabbd93194117b2dc1b3bae8d8279ad39aedac857e020c4ea505e96a1045059c7359db3df6a9df0be6b8584166c9d61dc9
  languageName: node
  linkType: hard

"uuid@npm:^3.3.2":
  version: 3.4.0
  resolution: "uuid@npm:3.4.0"
  bin:
    uuid: ./bin/uuid
  checksum: 2/1ce3f37e214d6d0dc94a6a9663a0365013ace66bc3fd5b203e6f5d2eeb978aaee1192367222386345d30b4c6a447928c501121aa84c637724bf105ef57284949
  languageName: node
  linkType: hard

"verror@npm:1.10.0":
  version: 1.10.0
  resolution: "verror@npm:1.10.0"
  dependencies:
    assert-plus: ^1.0.0
    core-util-is: 1.0.2
    extsprintf: ^1.2.0
  checksum: 2/38ea80312cb42e5e8b4ac562d108d675b2354a79f8f125d363671f692657461b9181fd26f4fc9acdca433f8afee099cb78058806e1303e6b15b8fb022affba94
  languageName: node
  linkType: hard

"which@npm:^1.2.9":
  version: 1.3.1
  resolution: "which@npm:1.3.1"
  dependencies:
    isexe: ^2.0.0
  bin:
    which: ./bin/which
  checksum: 2/298d95f9c185c4da22c1bfb1fdfa37c2ba56df8a6b98706ab361bf31a7d3a4845afaecfc48d4de7a259048842b5f2977f51b56f5c06c1f6a83dcf5a9e3de634a
  languageName: node
  linkType: hard

"wrappy@npm:1":
  version: 1.0.2
  resolution: "wrappy@npm:1.0.2"
  checksum: 2/519fcda0fcdf0c16327be2de9d98646742307bc830277e8868529fcf7566f2b330a6453c233e0cdcb767d5838dd61a90984a02ecc983bcddebea5ad0833bbf98
  languageName: node
  linkType: hard

"xml-js@npm:^1.6.11":
  version: 1.6.11
  resolution: "xml-js@npm:1.6.11"
  dependencies:
    sax: ^1.2.4
  bin:
    xml-js: ./bin/cli.js
  checksum: 2/375073635884af60c5f02d1b586dfd4f4ba08285d5a4241f562f0692fa514c2764d31f6a92e07e9d499fc5855ea62f95931e691811aabf739958c18fe06256a6
  languageName: node
  linkType: hard
